<?xml version="1.0" encoding="utf-8"?>
<Project ToolsVersion="4.0" xmlns="http://schemas.microsoft.com/developer/msbuild/2003">
  <ItemGroup>
    <ClCompile Include="src\main.cpp">
      <Filter>Source Files</Filter>
    </ClCompile>
    <ClCompile Include="src\marketmanager.cpp">
      <Filter>Source Files</Filter>
    </ClCompile>
    <ClCompile Include="src\stdafx.cpp">
      <Filter>Source Files</Filter>
    </ClCompile>
    <ClCompile Include="src\items\item.cpp">
      <Filter>Source Files</Filter>
    </ClCompile>
    <ClCompile Include="src\items\resource.cpp">
      <Filter>Source Files</Filter>
    </ClCompile>
    <ClCompile Include="src\items\raw_resource.cpp">
      <Filter>Source Files</Filter>
    </ClCompile>
    <ClCompile Include="src\items\refined_resource.cpp">
      <Filter>Source Files</Filter>
    </ClCompile>
    <ClCompile Include="src\items\recipe.cpp">
      <Filter>Source Files</Filter>
    </ClCompile>
    <ClCompile Include="src\items\refining_component.cpp">
      <Filter>Source Files</Filter>
    </ClCompile>
    <ClCompile Include="src\items\recipes.cpp">
      <Filter>Source Files</Filter>
    </ClCompile>
    <ClCompile Include="src\items\items.cpp">
      <Filter>Source Files</Filter>
    </ClCompile>
    <ClCompile Include="include\exceptions.h">
      <Filter>Source Files</Filter>
    </ClCompile>
    <ClCompile Include="src\settings\settings.cpp">
      <Filter>Source Files</Filter>
    </ClCompile>
    <ClCompile Include="src\settings\armour_set.cpp">
      <Filter>Source Files</Filter>
    </ClCompile>
    <ClCompile Include="src\settings\armour_sets.cpp">
      <Filter>Source Files</Filter>
    </ClCompile>
    <ClCompile Include="src\settings\taxes.cpp">
      <Filter>Source Files</Filter>
    </ClCompile>
    <ClCompile Include="src\settings\standing_bonuses.cpp">
      <Filter>Source Files</Filter>
    </ClCompile>
    <ClCompile Include="src\settings\fort_bonuses.cpp">
      <Filter>Source Files</Filter>
    </ClCompile>
  </ItemGroup>
  <ItemGroup>
    <None Include="README.md" />
  </ItemGroup>
  <ItemGroup>
    <Filter Include="Header Files">
      <UniqueIdentifier>{93995380-89BD-4b04-88EB-625FBE52EBFB}</UniqueIdentifier>
      <Extensions>h;hh;hpp;hxx;hm;inl;inc;xsd</Extensions>
      <ParseFiles>true</ParseFiles>
    </Filter>
    <Filter Include="Source Files">
      <UniqueIdentifier>{4FC737F1-C7A5-4376-A066-2A32D752A2FF}</UniqueIdentifier>
      <Extensions>cpp;c;cc;cxx;def;odl;idl;hpj;bat;asm;asmx</Extensions>
      <ParseFiles>true</ParseFiles>
    </Filter>
    <Filter Include="Form Files">
      <UniqueIdentifier>{99349809-55BA-4b9d-BF79-8FDBB0286EB3}</UniqueIdentifier>
      <Extensions>ui</Extensions>
      <ParseFiles>true</ParseFiles>
    </Filter>
    <Filter Include="Resource Files">
      <UniqueIdentifier>{1860acc0-61cf-4996-b573-102bec952cf3}</UniqueIdentifier>
    </Filter>
  </ItemGroup>
  <ItemGroup>
    <QtMoc Include="include\marketmanager.h">
      <Filter>Header Files</Filter>
    </QtMoc>
  </ItemGroup>
  <ItemGroup>
    <ClInclude Include="include\stdafx.h">
      <Filter>Header Files</Filter>
    </ClInclude>
    <ClInclude Include="include\items\item.h">
      <Filter>Header Files</Filter>
    </ClInclude>
    <ClInclude Include="include\items\resource.h">
      <Filter>Header Files</Filter>
    </ClInclude>
    <ClInclude Include="include\items\raw_resource.h">
      <Filter>Header Files</Filter>
    </ClInclude>
    <ClInclude Include="include\items\refined_resource.h">
      <Filter>Header Files</Filter>
    </ClInclude>
    <ClInclude Include="include\items\recipe.h">
      <Filter>Header Files</Filter>
    </ClInclude>
    <ClInclude Include="include\items\refining_component.h">
      <Filter>Header Files</Filter>
    </ClInclude>
    <ClInclude Include="include\items\recipes.h">
      <Filter>Header Files</Filter>
    </ClInclude>
    <ClInclude Include="include\items\items.h">
      <Filter>Header Files</Filter>
    </ClInclude>
    <ClInclude Include="include\settings\settings.h">
      <Filter>Header Files</Filter>
    </ClInclude>
    <ClInclude Include="include\settings\armour_set.h">
      <Filter>Header Files</Filter>
    </ClInclude>
    <ClInclude Include="include\settings\armour_sets.h">
      <Filter>Header Files</Filter>
    </ClInclude>
    <ClInclude Include="include\settings\taxes.h">
      <Filter>Header Files</Filter>
    </ClInclude>
    <ClInclude Include="include\settings\standing_bonuses.h">
      <Filter>Header Files</Filter>
    </ClInclude>
    <ClInclude Include="include\settings\fort_bonuses.h">
      <Filter>Header Files</Filter>
    </ClInclude>
  </ItemGroup>
  <ItemGroup>
    <ResourceCompile Include="ui\New World Market Manager.rc">
      <Filter>Resource Files</Filter>
    </ResourceCompile>
  </ItemGroup>
  <ItemGroup>
    <QtRcc Include="ui\marketmanager.qrc">
      <Filter>Resource Files</Filter>
    </QtRcc>
  </ItemGroup>
  <ItemGroup>
    <QtUic Include="ui\marketmanager.ui">
      <Filter>Form Files</Filter>
    </QtUic>
  </ItemGroup>
  <ItemGroup>
    <Image Include="ui\icon\New World Market Manager.ico" />
  </ItemGroup>
</Project>