<?xml version="1.0" encoding="utf-8"?>
<Project ToolsVersion="4.0" xmlns="http://schemas.microsoft.com/developer/msbuild/2003">
  <ItemGroup>
    <ClCompile Include="src\main.cpp">
      <Filter>Source Files</Filter>
    </ClCompile>
    <ClCompile Include="src\ui\market_manager.cpp">
      <Filter>Source Files</Filter>
    </ClCompile>
    <ClCompile Include="src\stdafx.cpp">
      <Filter>Source Files</Filter>
    </ClCompile>
    <ClCompile Include="src\items\item.cpp">
      <Filter>Source Files</Filter>
    </ClCompile>
    <ClCompile Include="src\items\resources\resource.cpp">
      <Filter>Source Files</Filter>
    </ClCompile>
    <ClCompile Include="src\items\resources\raw_resources\raw_resource.cpp">
      <Filter>Source Files</Filter>
    </ClCompile>
    <ClCompile Include="src\items\resources\refined_resources\refined_resource.cpp">
      <Filter>Source Files</Filter>
    </ClCompile>
    <ClCompile Include="src\recipes\recipe.cpp">
      <Filter>Source Files</Filter>
    </ClCompile>
    <ClCompile Include="src\items\resources\refining_components\refining_component.cpp">
      <Filter>Source Files</Filter>
    </ClCompile>
    <ClCompile Include="src\recipes\recipes.cpp">
      <Filter>Source Files</Filter>
    </ClCompile>
    <ClCompile Include="src\items\items.cpp">
      <Filter>Source Files</Filter>
    </ClCompile>
    <ClCompile Include="include\exceptions.h">
      <Filter>Source Files</Filter>
    </ClCompile>
    <ClCompile Include="src\settings\settings.cpp">
      <Filter>Source Files</Filter>
    </ClCompile>
    <ClCompile Include="src\settings\armour_set.cpp">
      <Filter>Source Files</Filter>
    </ClCompile>
    <ClCompile Include="src\settings\armour_sets.cpp">
      <Filter>Source Files</Filter>
    </ClCompile>
    <ClCompile Include="src\settings\taxes.cpp">
      <Filter>Source Files</Filter>
    </ClCompile>
    <ClCompile Include="src\settings\standing_bonuses.cpp">
      <Filter>Source Files</Filter>
    </ClCompile>
    <ClCompile Include="src\settings\fort_bonuses.cpp">
      <Filter>Source Files</Filter>
    </ClCompile>
    <ClCompile Include="src\items\resources\refined_resources\ingots\ingot.cpp">
      <Filter>Source Files</Filter>
    </ClCompile>
    <ClCompile Include="src\settings\trade_skills.cpp">
      <Filter>Source Files</Filter>
    </ClCompile>
    <ClCompile Include="src\items\resources\refined_resources\planks\plank.cpp">
      <Filter>Source Files</Filter>
    </ClCompile>
    <ClCompile Include="src\items\resources\refined_resources\cloths\cloth.cpp">
      <Filter>Source Files</Filter>
    </ClCompile>
    <ClCompile Include="src\items\resources\refined_resources\leathers\leather.cpp">
      <Filter>Source Files</Filter>
    </ClCompile>
    <ClCompile Include="src\items\resources\refined_resources\blocks\block.cpp">
      <Filter>Source Files</Filter>
    </ClCompile>
    <ClCompile Include="src\ui\content_pages\smelting_page.cpp">
      <Filter>Source Files</Filter>
    </ClCompile>
    <ClCompile Include="src\ui\content_pages\input_pages\flux_input_page.cpp">
      <Filter>Source Files</Filter>
    </ClCompile>
    <ClCompile Include="src\ui\content_pages\input_pages\ore_input_page.cpp">
      <Filter>Source Files</Filter>
    </ClCompile>
    <ClCompile Include="src\ui\content_pages\input_pages\ingot_input_page.cpp">
      <Filter>Source Files</Filter>
    </ClCompile>
    <ClCompile Include="src\ui\content_pages\input_pages\smelting_settings_input_page.cpp">
      <Filter>Source Files</Filter>
    </ClCompile>
    <ClCompile Include="src\ui\content_pages\input_pages\general_settings_input_page.cpp">
      <Filter>Source Files</Filter>
    </ClCompile>
    <ClCompile Include="src\ui\content_pages\input_pages\input_item.cpp">
      <Filter>Source Files</Filter>
    </ClCompile>
    <ClCompile Include="src\ui\content_pages\input_pages\input_page.cpp">
      <Filter>Source Files</Filter>
    </ClCompile>
    <ClCompile Include="lib\jsoncpp\jsoncpp.cpp">
      <Filter>Source Files</Filter>
    </ClCompile>
    <ClCompile Include="src\items\default_items_initializer.cpp">
      <Filter>Source Files</Filter>
    </ClCompile>
  </ItemGroup>
  <ItemGroup>
    <None Include="README.md" />
  </ItemGroup>
  <ItemGroup>
    <Filter Include="Header Files">
      <UniqueIdentifier>{93995380-89BD-4b04-88EB-625FBE52EBFB}</UniqueIdentifier>
      <Extensions>h;hh;hpp;hxx;hm;inl;inc;xsd</Extensions>
      <ParseFiles>true</ParseFiles>
    </Filter>
    <Filter Include="Source Files">
      <UniqueIdentifier>{4FC737F1-C7A5-4376-A066-2A32D752A2FF}</UniqueIdentifier>
      <Extensions>cpp;c;cc;cxx;def;odl;idl;hpj;bat;asm;asmx</Extensions>
      <ParseFiles>true</ParseFiles>
    </Filter>
    <Filter Include="Form Files">
      <UniqueIdentifier>{99349809-55BA-4b9d-BF79-8FDBB0286EB3}</UniqueIdentifier>
      <Extensions>ui</Extensions>
      <ParseFiles>true</ParseFiles>
    </Filter>
    <Filter Include="Resource Files">
      <UniqueIdentifier>{1860acc0-61cf-4996-b573-102bec952cf3}</UniqueIdentifier>
    </Filter>
  </ItemGroup>
  <ItemGroup>
    <QtMoc Include="include\ui\market_manager.h">
      <Filter>Header Files</Filter>
    </QtMoc>
    <QtMoc Include="include\ui\content_pages\smelting_page.h">
      <Filter>Header Files</Filter>
    </QtMoc>
    <QtMoc Include="include\ui\content_pages\input_pages\flux_input_page.h">
      <Filter>Header Files</Filter>
    </QtMoc>
    <QtMoc Include="include\ui\content_pages\input_pages\ore_input_page.h">
      <Filter>Header Files</Filter>
    </QtMoc>
    <QtMoc Include="include\ui\content_pages\input_pages\ingot_input_page.h">
      <Filter>Header Files</Filter>
    </QtMoc>
    <QtMoc Include="include\ui\content_pages\input_pages\smelting_settings_input_page.h">
      <Filter>Header Files</Filter>
    </QtMoc>
    <QtMoc Include="include\ui\content_pages\input_pages\general_settings_input_page.h">
      <Filter>Header Files</Filter>
    </QtMoc>
    <QtMoc Include="include\ui\content_pages\input_pages\input_item.h">
      <Filter>Header Files</Filter>
    </QtMoc>
    <QtMoc Include="include\ui\content_pages\input_pages\input_page.h">
      <Filter>Header Files</Filter>
    </QtMoc>
  </ItemGroup>
  <ItemGroup>
    <ClInclude Include="include\stdafx.h">
      <Filter>Header Files</Filter>
    </ClInclude>
    <ClInclude Include="include\items\item.h">
      <Filter>Header Files</Filter>
    </ClInclude>
    <ClInclude Include="include\items\resources\resource.h">
      <Filter>Header Files</Filter>
    </ClInclude>
    <ClInclude Include="include\items\resources\raw_resources\raw_resource.h">
      <Filter>Header Files</Filter>
    </ClInclude>
    <ClInclude Include="include\items\resources\refined_resources\refined_resource.h">
      <Filter>Header Files</Filter>
    </ClInclude>
    <ClInclude Include="include\recipes\recipe.h">
      <Filter>Header Files</Filter>
    </ClInclude>
    <ClInclude Include="include\items\resources\refining_components\refining_component.h">
      <Filter>Header Files</Filter>
    </ClInclude>
    <ClInclude Include="include\recipes\recipes.h">
      <Filter>Header Files</Filter>
    </ClInclude>
    <ClInclude Include="include\items\items.h">
      <Filter>Header Files</Filter>
    </ClInclude>
    <ClInclude Include="include\settings\settings.h">
      <Filter>Header Files</Filter>
    </ClInclude>
    <ClInclude Include="include\settings\armour_set.h">
      <Filter>Header Files</Filter>
    </ClInclude>
    <ClInclude Include="include\settings\armour_sets.h">
      <Filter>Header Files</Filter>
    </ClInclude>
    <ClInclude Include="include\settings\taxes.h">
      <Filter>Header Files</Filter>
    </ClInclude>
    <ClInclude Include="include\settings\standing_bonuses.h">
      <Filter>Header Files</Filter>
    </ClInclude>
    <ClInclude Include="include\settings\fort_bonuses.h">
      <Filter>Header Files</Filter>
    </ClInclude>
    <ClInclude Include="include\items\resources\refined_resources\ingots\ingot.h">
      <Filter>Header Files</Filter>
    </ClInclude>
    <ClInclude Include="include\settings\trade_skills.h">
      <Filter>Header Files</Filter>
    </ClInclude>
    <ClInclude Include="include\constants.h">
      <Filter>Header Files</Filter>
    </ClInclude>
    <ClInclude Include="include\items\resources\refined_resources\planks\plank.h">
      <Filter>Header Files</Filter>
    </ClInclude>
    <ClInclude Include="include\items\resources\refined_resources\cloths\cloth.h">
      <Filter>Header Files</Filter>
    </ClInclude>
    <ClInclude Include="include\items\resources\refined_resources\leathers\leather.h">
      <Filter>Header Files</Filter>
    </ClInclude>
    <ClInclude Include="include\items\resources\refined_resources\blocks\block.h">
      <Filter>Header Files</Filter>
    </ClInclude>
    <ClInclude Include="include\json\json.h">
      <Filter>Header Files</Filter>
    </ClInclude>
    <ClInclude Include="include\json\json-forwards.h">
      <Filter>Header Files</Filter>
    </ClInclude>
    <ClInclude Include="lib\json\json.h">
      <Filter>Header Files</Filter>
    </ClInclude>
    <ClInclude Include="lib\json\json-forwards.h">
      <Filter>Header Files</Filter>
    </ClInclude>
    <ClInclude Include="lib\jsoncpp\json\json.h">
      <Filter>Header Files</Filter>
    </ClInclude>
    <ClInclude Include="lib\jsoncpp\json\json-forwards.h">
      <Filter>Header Files</Filter>
    </ClInclude>
    <ClInclude Include="include\items\default_items_initializer.h">
      <Filter>Header Files</Filter>
    </ClInclude>
  </ItemGroup>
  <ItemGroup>
    <ResourceCompile Include="ui\New World Market Manager.rc">
      <Filter>Resource Files</Filter>
    </ResourceCompile>
  </ItemGroup>
  <ItemGroup>
    <QtRcc Include="ui\market_manager.qrc">
      <Filter>Resource Files</Filter>
    </QtRcc>
  </ItemGroup>
  <ItemGroup>
    <QtUic Include="ui\forms\market_manager.ui">
      <Filter>Form Files</Filter>
    </QtUic>
    <QtUic Include="ui\forms\content_pages\smelting_page.ui">
      <Filter>Form Files</Filter>
    </QtUic>
    <QtUic Include="ui\forms\content_pages\input_pages\flux_input_page.ui">
      <Filter>Form Files</Filter>
    </QtUic>
    <QtUic Include="ui\forms\content_pages\input_pages\ore_input_page.ui">
      <Filter>Form Files</Filter>
    </QtUic>
    <QtUic Include="ui\forms\content_pages\input_pages\ingot_input_page.ui">
      <Filter>Form Files</Filter>
    </QtUic>
    <QtUic Include="ui\forms\content_pages\input_pages\smelting_settings_input_page.ui">
      <Filter>Form Files</Filter>
    </QtUic>
    <QtUic Include="ui\forms\content_pages\input_pages\general_settings_input_page.ui">
      <Filter>Form Files</Filter>
    </QtUic>
    <QtUic Include="ui\forms\content_pages\input_pages\input_item.ui">
      <Filter>Form Files</Filter>
    </QtUic>
    <QtUic Include="ui\forms\content_pages\input_pages\input_page.ui">
      <Filter>Form Files</Filter>
    </QtUic>
  </ItemGroup>
  <ItemGroup>
    <Image Include="ui\icon\New World Market Manager.ico" />
  </ItemGroup>
</Project>